
Microsoft Visual Studio Solution File, Format Version 12.00
# Visual Studio 15
VisualStudioVersion = 15.0.28010.2041
MinimumVisualStudioVersion = 10.0.40219.1
Project("{FAE04EC0-301F-11D3-BF4B-00C04F79EFBC}") = "Shop.Common", "Shop.Common\Shop.Common.csproj", "{349D2590-88CC-466E-8B76-38271F6812C4}"
EndProject
Project("{2150E333-8FDC-42A3-9474-1A3956D46DE8}") = "Backend", "Backend", "{0E2CF68E-FF7B-4706-8415-69F42244A82E}"
EndProject
Project("{2150E333-8FDC-42A3-9474-1A3956D46DE8}") = "Frontend", "Frontend", "{627F281A-6E87-4192-8714-7DF40C5BA9DE}"
EndProject
Project("{FAE04EC0-301F-11D3-BF4B-00C04F79EFBC}") = "Shop.Web", "Shop.Web\Shop.Web.csproj", "{FCBB68A8-05BD-4FA9-A556-1EA006D42F2B}"
EndProject
Project("{2150E333-8FDC-42A3-9474-1A3956D46DE8}") = "Forms", "Forms", "{018DA4A6-BB05-485C-A242-49AE473C5159}"
EndProject
Project("{2150E333-8FDC-42A3-9474-1A3956D46DE8}") = "Classic", "Classic", "{071313C6-85DD-480F-AC2E-E2584495C4E2}"
EndProject
Project("{FAE04EC0-301F-11D3-BF4B-00C04F79EFBC}") = "Shop.UIForms.Android", "Shop.UIForms\Shop.UIForms.Android\Shop.UIForms.Android.csproj", "{EC4F1133-10C4-4E3A-8969-9F762ED008DA}"
EndProject
Project("{FAE04EC0-301F-11D3-BF4B-00C04F79EFBC}") = "Shop.UIForms.iOS", "Shop.UIForms\Shop.UIForms.iOS\Shop.UIForms.iOS.csproj", "{390FA083-B0EB-441D-8FDC-9B880552D64C}"
EndProject
Project("{FAE04EC0-301F-11D3-BF4B-00C04F79EFBC}") = "Shop.UIForms", "Shop.UIForms\Shop.UIForms\Shop.UIForms.csproj", "{A4110E44-7631-471F-B70E-C1A3726B2EF3}"
EndProject
Project("{FAE04EC0-301F-11D3-BF4B-00C04F79EFBC}") = "Shop.UIClassic", "Shop.UIClassic\Shop.UIClassic.csproj", "{F7844F61-E1C1-47D3-B9F0-A5E93A8BC434}"
EndProject
Project("{FAE04EC0-301F-11D3-BF4B-00C04F79EFBC}") = "Shop.UIClassic.Android", "Shop.UIClassic.Android\Shop.UIClassic.Android.csproj", "{4AD821B3-7FCC-42B4-8E63-C5560984F717}"
EndProject
Project("{FAE04EC0-301F-11D3-BF4B-00C04F79EFBC}") = "Shop.UIClassic.IOS", "Shop.UIClassic.IOS\Shop.UIClassic.IOS.csproj", "{80A96B52-6758-4BDB-B0B4-CEA4CA155C60}"
EndProject
Global
	GlobalSection(SolutionConfigurationPlatforms) = preSolution
		Ad-Hoc|Any CPU = Ad-Hoc|Any CPU
		Ad-Hoc|iPhone = Ad-Hoc|iPhone
		Ad-Hoc|iPhoneSimulator = Ad-Hoc|iPhoneSimulator
		AppStore|Any CPU = AppStore|Any CPU
		AppStore|iPhone = AppStore|iPhone
		AppStore|iPhoneSimulator = AppStore|iPhoneSimulator
		Debug|Any CPU = Debug|Any CPU
		Debug|iPhone = Debug|iPhone
		Debug|iPhoneSimulator = Debug|iPhoneSimulator
		Release|Any CPU = Release|Any CPU
		Release|iPhone = Release|iPhone
		Release|iPhoneSimulator = Release|iPhoneSimulator
	EndGlobalSection
	GlobalSection(ProjectConfigurationPlatforms) = postSolution
		{349D2590-88CC-466E-8B76-38271F6812C4}.Ad-Hoc|Any CPU.ActiveCfg = Debug|Any CPU
		{349D2590-88CC-466E-8B76-38271F6812C4}.Ad-Hoc|Any CPU.Build.0 = Debug|Any CPU
		{349D2590-88CC-466E-8B76-38271F6812C4}.Ad-Hoc|iPhone.ActiveCfg = Debug|Any CPU
		{349D2590-88CC-466E-8B76-38271F6812C4}.Ad-Hoc|iPhone.Build.0 = Debug|Any CPU
		{349D2590-88CC-466E-8B76-38271F6812C4}.Ad-Hoc|iPhoneSimulator.ActiveCfg = Debug|Any CPU
		{349D2590-88CC-466E-8B76-38271F6812C4}.Ad-Hoc|iPhoneSimulator.Build.0 = Debug|Any CPU
		{349D2590-88CC-466E-8B76-38271F6812C4}.AppStore|Any CPU.ActiveCfg = Debug|Any CPU
		{349D2590-88CC-466E-8B76-38271F6812C4}.AppStore|Any CPU.Build.0 = Debug|Any CPU
		{349D2590-88CC-466E-8B76-38271F6812C4}.AppStore|iPhone.ActiveCfg = Debug|Any CPU
		{349D2590-88CC-466E-8B76-38271F6812C4}.AppStore|iPhone.Build.0 = Debug|Any CPU
		{349D2590-88CC-466E-8B76-38271F6812C4}.AppStore|iPhoneSimulator.ActiveCfg = Debug|Any CPU
		{349D2590-88CC-466E-8B76-38271F6812C4}.AppStore|iPhoneSimulator.Build.0 = Debug|Any CPU
		{349D2590-88CC-466E-8B76-38271F6812C4}.Debug|Any CPU.ActiveCfg = Debug|Any CPU
		{349D2590-88CC-466E-8B76-38271F6812C4}.Debug|Any CPU.Build.0 = Debug|Any CPU
		{349D2590-88CC-466E-8B76-38271F6812C4}.Debug|iPhone.ActiveCfg = Debug|Any CPU
		{349D2590-88CC-466E-8B76-38271F6812C4}.Debug|iPhone.Build.0 = Debug|Any CPU
		{349D2590-88CC-466E-8B76-38271F6812C4}.Debug|iPhoneSimulator.ActiveCfg = Debug|Any CPU
		{349D2590-88CC-466E-8B76-38271F6812C4}.Debug|iPhoneSimulator.Build.0 = Debug|Any CPU
		{349D2590-88CC-466E-8B76-38271F6812C4}.Release|Any CPU.ActiveCfg = Release|Any CPU
		{349D2590-88CC-466E-8B76-38271F6812C4}.Release|Any CPU.Build.0 = Release|Any CPU
		{349D2590-88CC-466E-8B76-38271F6812C4}.Release|iPhone.ActiveCfg = Release|Any CPU
		{349D2590-88CC-466E-8B76-38271F6812C4}.Release|iPhone.Build.0 = Release|Any CPU
		{349D2590-88CC-466E-8B76-38271F6812C4}.Release|iPhoneSimulator.ActiveCfg = Release|Any CPU
		{349D2590-88CC-466E-8B76-38271F6812C4}.Release|iPhoneSimulator.Build.0 = Release|Any CPU
		{FCBB68A8-05BD-4FA9-A556-1EA006D42F2B}.Ad-Hoc|Any CPU.ActiveCfg = Debug|Any CPU
		{FCBB68A8-05BD-4FA9-A556-1EA006D42F2B}.Ad-Hoc|Any CPU.Build.0 = Debug|Any CPU
		{FCBB68A8-05BD-4FA9-A556-1EA006D42F2B}.Ad-Hoc|iPhone.ActiveCfg = Debug|Any CPU
		{FCBB68A8-05BD-4FA9-A556-1EA006D42F2B}.Ad-Hoc|iPhone.Build.0 = Debug|Any CPU
		{FCBB68A8-05BD-4FA9-A556-1EA006D42F2B}.Ad-Hoc|iPhoneSimulator.ActiveCfg = Debug|Any CPU
		{FCBB68A8-05BD-4FA9-A556-1EA006D42F2B}.Ad-Hoc|iPhoneSimulator.Build.0 = Debug|Any CPU
		{FCBB68A8-05BD-4FA9-A556-1EA006D42F2B}.AppStore|Any CPU.ActiveCfg = Debug|Any CPU
		{FCBB68A8-05BD-4FA9-A556-1EA006D42F2B}.AppStore|Any CPU.Build.0 = Debug|Any CPU
		{FCBB68A8-05BD-4FA9-A556-1EA006D42F2B}.AppStore|iPhone.ActiveCfg = Debug|Any CPU
		{FCBB68A8-05BD-4FA9-A556-1EA006D42F2B}.AppStore|iPhone.Build.0 = Debug|Any CPU
		{FCBB68A8-05BD-4FA9-A556-1EA006D42F2B}.AppStore|iPhoneSimulator.ActiveCfg = Debug|Any CPU
		{FCBB68A8-05BD-4FA9-A556-1EA006D42F2B}.AppStore|iPhoneSimulator.Build.0 = Debug|Any CPU
		{FCBB68A8-05BD-4FA9-A556-1EA006D42F2B}.Debug|Any CPU.ActiveCfg = Debug|Any CPU
		{FCBB68A8-05BD-4FA9-A556-1EA006D42F2B}.Debug|Any CPU.Build.0 = Debug|Any CPU
		{FCBB68A8-05BD-4FA9-A556-1EA006D42F2B}.Debug|iPhone.ActiveCfg = Debug|Any CPU
		{FCBB68A8-05BD-4FA9-A556-1EA006D42F2B}.Debug|iPhone.Build.0 = Debug|Any CPU
		{FCBB68A8-05BD-4FA9-A556-1EA006D42F2B}.Debug|iPhoneSimulator.ActiveCfg = Debug|Any CPU
		{FCBB68A8-05BD-4FA9-A556-1EA006D42F2B}.Debug|iPhoneSimulator.Build.0 = Debug|Any CPU
		{FCBB68A8-05BD-4FA9-A556-1EA006D42F2B}.Release|Any CPU.ActiveCfg = Release|Any CPU
		{FCBB68A8-05BD-4FA9-A556-1EA006D42F2B}.Release|Any CPU.Build.0 = Release|Any CPU
		{FCBB68A8-05BD-4FA9-A556-1EA006D42F2B}.Release|iPhone.ActiveCfg = Release|Any CPU
		{FCBB68A8-05BD-4FA9-A556-1EA006D42F2B}.Release|iPhone.Build.0 = Release|Any CPU
		{FCBB68A8-05BD-4FA9-A556-1EA006D42F2B}.Release|iPhoneSimulator.ActiveCfg = Release|Any CPU
		{FCBB68A8-05BD-4FA9-A556-1EA006D42F2B}.Release|iPhoneSimulator.Build.0 = Release|Any CPU
		{EC4F1133-10C4-4E3A-8969-9F762ED008DA}.Ad-Hoc|Any CPU.ActiveCfg = Release|Any CPU
		{EC4F1133-10C4-4E3A-8969-9F762ED008DA}.Ad-Hoc|Any CPU.Build.0 = Release|Any CPU
		{EC4F1133-10C4-4E3A-8969-9F762ED008DA}.Ad-Hoc|Any CPU.Deploy.0 = Release|Any CPU
		{EC4F1133-10C4-4E3A-8969-9F762ED008DA}.Ad-Hoc|iPhone.ActiveCfg = Release|Any CPU
		{EC4F1133-10C4-4E3A-8969-9F762ED008DA}.Ad-Hoc|iPhone.Build.0 = Release|Any CPU
		{EC4F1133-10C4-4E3A-8969-9F762ED008DA}.Ad-Hoc|iPhone.Deploy.0 = Release|Any CPU
		{EC4F1133-10C4-4E3A-8969-9F762ED008DA}.Ad-Hoc|iPhoneSimulator.ActiveCfg = Release|Any CPU
		{EC4F1133-10C4-4E3A-8969-9F762ED008DA}.Ad-Hoc|iPhoneSimulator.Build.0 = Release|Any CPU
		{EC4F1133-10C4-4E3A-8969-9F762ED008DA}.Ad-Hoc|iPhoneSimulator.Deploy.0 = Release|Any CPU
		{EC4F1133-10C4-4E3A-8969-9F762ED008DA}.AppStore|Any CPU.ActiveCfg = Release|Any CPU
		{EC4F1133-10C4-4E3A-8969-9F762ED008DA}.AppStore|Any CPU.Build.0 = Release|Any CPU
		{EC4F1133-10C4-4E3A-8969-9F762ED008DA}.AppStore|Any CPU.Deploy.0 = Release|Any CPU
		{EC4F1133-10C4-4E3A-8969-9F762ED008DA}.AppStore|iPhone.ActiveCfg = Release|Any CPU
		{EC4F1133-10C4-4E3A-8969-9F762ED008DA}.AppStore|iPhone.Build.0 = Release|Any CPU
		{EC4F1133-10C4-4E3A-8969-9F762ED008DA}.AppStore|iPhone.Deploy.0 = Release|Any CPU
		{EC4F1133-10C4-4E3A-8969-9F762ED008DA}.AppStore|iPhoneSimulator.ActiveCfg = Release|Any CPU
		{EC4F1133-10C4-4E3A-8969-9F762ED008DA}.AppStore|iPhoneSimulator.Build.0 = Release|Any CPU
		{EC4F1133-10C4-4E3A-8969-9F762ED008DA}.AppStore|iPhoneSimulator.Deploy.0 = Release|Any CPU
		{EC4F1133-10C4-4E3A-8969-9F762ED008DA}.Debug|Any CPU.ActiveCfg = Debug|Any CPU
		{EC4F1133-10C4-4E3A-8969-9F762ED008DA}.Debug|Any CPU.Build.0 = Debug|Any CPU
		{EC4F1133-10C4-4E3A-8969-9F762ED008DA}.Debug|Any CPU.Deploy.0 = Debug|Any CPU
		{EC4F1133-10C4-4E3A-8969-9F762ED008DA}.Debug|iPhone.ActiveCfg = Debug|Any CPU
		{EC4F1133-10C4-4E3A-8969-9F762ED008DA}.Debug|iPhone.Build.0 = Debug|Any CPU
		{EC4F1133-10C4-4E3A-8969-9F762ED008DA}.Debug|iPhone.Deploy.0 = Debug|Any CPU
		{EC4F1133-10C4-4E3A-8969-9F762ED008DA}.Debug|iPhoneSimulator.ActiveCfg = Debug|Any CPU
		{EC4F1133-10C4-4E3A-8969-9F762ED008DA}.Debug|iPhoneSimulator.Build.0 = Debug|Any CPU
		{EC4F1133-10C4-4E3A-8969-9F762ED008DA}.Debug|iPhoneSimulator.Deploy.0 = Debug|Any CPU
		{EC4F1133-10C4-4E3A-8969-9F762ED008DA}.Release|Any CPU.ActiveCfg = Release|Any CPU
		{EC4F1133-10C4-4E3A-8969-9F762ED008DA}.Release|Any CPU.Build.0 = Release|Any CPU
		{EC4F1133-10C4-4E3A-8969-9F762ED008DA}.Release|Any CPU.Deploy.0 = Release|Any CPU
		{EC4F1133-10C4-4E3A-8969-9F762ED008DA}.Release|iPhone.ActiveCfg = Release|Any CPU
		{EC4F1133-10C4-4E3A-8969-9F762ED008DA}.Release|iPhone.Build.0 = Release|Any CPU
		{EC4F1133-10C4-4E3A-8969-9F762ED008DA}.Release|iPhone.Deploy.0 = Release|Any CPU
		{EC4F1133-10C4-4E3A-8969-9F762ED008DA}.Release|iPhoneSimulator.ActiveCfg = Release|Any CPU
		{EC4F1133-10C4-4E3A-8969-9F762ED008DA}.Release|iPhoneSimulator.Build.0 = Release|Any CPU
		{EC4F1133-10C4-4E3A-8969-9F762ED008DA}.Release|iPhoneSimulator.Deploy.0 = Release|Any CPU
		{390FA083-B0EB-441D-8FDC-9B880552D64C}.Ad-Hoc|Any CPU.ActiveCfg = Ad-Hoc|iPhone
		{390FA083-B0EB-441D-8FDC-9B880552D64C}.Ad-Hoc|iPhone.ActiveCfg = Ad-Hoc|iPhone
		{390FA083-B0EB-441D-8FDC-9B880552D64C}.Ad-Hoc|iPhone.Build.0 = Ad-Hoc|iPhone
		{390FA083-B0EB-441D-8FDC-9B880552D64C}.Ad-Hoc|iPhoneSimulator.ActiveCfg = Ad-Hoc|iPhoneSimulator
		{390FA083-B0EB-441D-8FDC-9B880552D64C}.Ad-Hoc|iPhoneSimulator.Build.0 = Ad-Hoc|iPhoneSimulator
		{390FA083-B0EB-441D-8FDC-9B880552D64C}.AppStore|Any CPU.ActiveCfg = AppStore|iPhone
		{390FA083-B0EB-441D-8FDC-9B880552D64C}.AppStore|iPhone.ActiveCfg = AppStore|iPhone
		{390FA083-B0EB-441D-8FDC-9B880552D64C}.AppStore|iPhone.Build.0 = AppStore|iPhone
		{390FA083-B0EB-441D-8FDC-9B880552D64C}.AppStore|iPhoneSimulator.ActiveCfg = AppStore|iPhoneSimulator
		{390FA083-B0EB-441D-8FDC-9B880552D64C}.AppStore|iPhoneSimulator.Build.0 = AppStore|iPhoneSimulator
		{390FA083-B0EB-441D-8FDC-9B880552D64C}.Debug|Any CPU.ActiveCfg = Debug|iPhone
		{390FA083-B0EB-441D-8FDC-9B880552D64C}.Debug|iPhone.ActiveCfg = Debug|iPhone
		{390FA083-B0EB-441D-8FDC-9B880552D64C}.Debug|iPhone.Build.0 = Debug|iPhone
		{390FA083-B0EB-441D-8FDC-9B880552D64C}.Debug|iPhoneSimulator.ActiveCfg = Debug|iPhoneSimulator
		{390FA083-B0EB-441D-8FDC-9B880552D64C}.Debug|iPhoneSimulator.Build.0 = Debug|iPhoneSimulator
		{390FA083-B0EB-441D-8FDC-9B880552D64C}.Release|Any CPU.ActiveCfg = Release|iPhone
		{390FA083-B0EB-441D-8FDC-9B880552D64C}.Release|iPhone.ActiveCfg = Release|iPhone
		{390FA083-B0EB-441D-8FDC-9B880552D64C}.Release|iPhone.Build.0 = Release|iPhone
		{390FA083-B0EB-441D-8FDC-9B880552D64C}.Release|iPhoneSimulator.ActiveCfg = Release|iPhoneSimulator
		{390FA083-B0EB-441D-8FDC-9B880552D64C}.Release|iPhoneSimulator.Build.0 = Release|iPhoneSimulator
		{A4110E44-7631-471F-B70E-C1A3726B2EF3}.Ad-Hoc|Any CPU.ActiveCfg = Debug|Any CPU
		{A4110E44-7631-471F-B70E-C1A3726B2EF3}.Ad-Hoc|Any CPU.Build.0 = Debug|Any CPU
		{A4110E44-7631-471F-B70E-C1A3726B2EF3}.Ad-Hoc|iPhone.ActiveCfg = Debug|Any CPU
		{A4110E44-7631-471F-B70E-C1A3726B2EF3}.Ad-Hoc|iPhone.Build.0 = Debug|Any CPU
		{A4110E44-7631-471F-B70E-C1A3726B2EF3}.Ad-Hoc|iPhoneSimulator.ActiveCfg = Debug|Any CPU
		{A4110E44-7631-471F-B70E-C1A3726B2EF3}.Ad-Hoc|iPhoneSimulator.Build.0 = Debug|Any CPU
		{A4110E44-7631-471F-B70E-C1A3726B2EF3}.AppStore|Any CPU.ActiveCfg = Debug|Any CPU
		{A4110E44-7631-471F-B70E-C1A3726B2EF3}.AppStore|Any CPU.Build.0 = Debug|Any CPU
		{A4110E44-7631-471F-B70E-C1A3726B2EF3}.AppStore|iPhone.ActiveCfg = Debug|Any CPU
		{A4110E44-7631-471F-B70E-C1A3726B2EF3}.AppStore|iPhone.Build.0 = Debug|Any CPU
		{A4110E44-7631-471F-B70E-C1A3726B2EF3}.AppStore|iPhoneSimulator.ActiveCfg = Debug|Any CPU
		{A4110E44-7631-471F-B70E-C1A3726B2EF3}.AppStore|iPhoneSimulator.Build.0 = Debug|Any CPU
		{A4110E44-7631-471F-B70E-C1A3726B2EF3}.Debug|Any CPU.ActiveCfg = Debug|Any CPU
		{A4110E44-7631-471F-B70E-C1A3726B2EF3}.Debug|Any CPU.Build.0 = Debug|Any CPU
		{A4110E44-7631-471F-B70E-C1A3726B2EF3}.Debug|iPhone.ActiveCfg = Debug|Any CPU
		{A4110E44-7631-471F-B70E-C1A3726B2EF3}.Debug|iPhone.Build.0 = Debug|Any CPU
		{A4110E44-7631-471F-B70E-C1A3726B2EF3}.Debug|iPhoneSimulator.ActiveCfg = Debug|Any CPU
		{A4110E44-7631-471F-B70E-C1A3726B2EF3}.Debug|iPhoneSimulator.Build.0 = Debug|Any CPU
		{A4110E44-7631-471F-B70E-C1A3726B2EF3}.Release|Any CPU.ActiveCfg = Release|Any CPU
		{A4110E44-7631-471F-B70E-C1A3726B2EF3}.Release|Any CPU.Build.0 = Release|Any CPU
		{A4110E44-7631-471F-B70E-C1A3726B2EF3}.Release|iPhone.ActiveCfg = Release|Any CPU
		{A4110E44-7631-471F-B70E-C1A3726B2EF3}.Release|iPhone.Build.0 = Release|Any CPU
		{A4110E44-7631-471F-B70E-C1A3726B2EF3}.Release|iPhoneSimulator.ActiveCfg = Release|Any CPU
		{A4110E44-7631-471F-B70E-C1A3726B2EF3}.Release|iPhoneSimulator.Build.0 = Release|Any CPU
		{F7844F61-E1C1-47D3-B9F0-A5E93A8BC434}.Ad-Hoc|Any CPU.ActiveCfg = Debug|Any CPU
		{F7844F61-E1C1-47D3-B9F0-A5E93A8BC434}.Ad-Hoc|Any CPU.Build.0 = Debug|Any CPU
		{F7844F61-E1C1-47D3-B9F0-A5E93A8BC434}.Ad-Hoc|iPhone.ActiveCfg = Debug|Any CPU
		{F7844F61-E1C1-47D3-B9F0-A5E93A8BC434}.Ad-Hoc|iPhone.Build.0 = Debug|Any CPU
		{F7844F61-E1C1-47D3-B9F0-A5E93A8BC434}.Ad-Hoc|iPhoneSimulator.ActiveCfg = Debug|Any CPU
		{F7844F61-E1C1-47D3-B9F0-A5E93A8BC434}.Ad-Hoc|iPhoneSimulator.Build.0 = Debug|Any CPU
		{F7844F61-E1C1-47D3-B9F0-A5E93A8BC434}.AppStore|Any CPU.ActiveCfg = Debug|Any CPU
		{F7844F61-E1C1-47D3-B9F0-A5E93A8BC434}.AppStore|Any CPU.Build.0 = Debug|Any CPU
		{F7844F61-E1C1-47D3-B9F0-A5E93A8BC434}.AppStore|iPhone.ActiveCfg = Debug|Any CPU
		{F7844F61-E1C1-47D3-B9F0-A5E93A8BC434}.AppStore|iPhone.Build.0 = Debug|Any CPU
		{F7844F61-E1C1-47D3-B9F0-A5E93A8BC434}.AppStore|iPhoneSimulator.ActiveCfg = Debug|Any CPU
		{F7844F61-E1C1-47D3-B9F0-A5E93A8BC434}.AppStore|iPhoneSimulator.Build.0 = Debug|Any CPU
		{F7844F61-E1C1-47D3-B9F0-A5E93A8BC434}.Debug|Any CPU.ActiveCfg = Debug|Any CPU
		{F7844F61-E1C1-47D3-B9F0-A5E93A8BC434}.Debug|Any CPU.Build.0 = Debug|Any CPU
		{F7844F61-E1C1-47D3-B9F0-A5E93A8BC434}.Debug|iPhone.ActiveCfg = Debug|Any CPU
		{F7844F61-E1C1-47D3-B9F0-A5E93A8BC434}.Debug|iPhone.Build.0 = Debug|Any CPU
		{F7844F61-E1C1-47D3-B9F0-A5E93A8BC434}.Debug|iPhoneSimulator.ActiveCfg = Debug|Any CPU
		{F7844F61-E1C1-47D3-B9F0-A5E93A8BC434}.Debug|iPhoneSimulator.Build.0 = Debug|Any CPU
		{F7844F61-E1C1-47D3-B9F0-A5E93A8BC434}.Release|Any CPU.ActiveCfg = Release|Any CPU
		{F7844F61-E1C1-47D3-B9F0-A5E93A8BC434}.Release|Any CPU.Build.0 = Release|Any CPU
		{F7844F61-E1C1-47D3-B9F0-A5E93A8BC434}.Release|iPhone.ActiveCfg = Release|Any CPU
		{F7844F61-E1C1-47D3-B9F0-A5E93A8BC434}.Release|iPhone.Build.0 = Release|Any CPU
		{F7844F61-E1C1-47D3-B9F0-A5E93A8BC434}.Release|iPhoneSimulator.ActiveCfg = Release|Any CPU
		{F7844F61-E1C1-47D3-B9F0-A5E93A8BC434}.Release|iPhoneSimulator.Build.0 = Release|Any CPU
		{4AD821B3-7FCC-42B4-8E63-C5560984F717}.Ad-Hoc|Any CPU.ActiveCfg = Release|Any CPU
		{4AD821B3-7FCC-42B4-8E63-C5560984F717}.Ad-Hoc|Any CPU.Build.0 = Release|Any CPU
		{4AD821B3-7FCC-42B4-8E63-C5560984F717}.Ad-Hoc|Any CPU.Deploy.0 = Release|Any CPU
		{4AD821B3-7FCC-42B4-8E63-C5560984F717}.Ad-Hoc|iPhone.ActiveCfg = Release|Any CPU
		{4AD821B3-7FCC-42B4-8E63-C5560984F717}.Ad-Hoc|iPhone.Build.0 = Release|Any CPU
		{4AD821B3-7FCC-42B4-8E63-C5560984F717}.Ad-Hoc|iPhone.Deploy.0 = Release|Any CPU
		{4AD821B3-7FCC-42B4-8E63-C5560984F717}.Ad-Hoc|iPhoneSimulator.ActiveCfg = Release|Any CPU
		{4AD821B3-7FCC-42B4-8E63-C5560984F717}.Ad-Hoc|iPhoneSimulator.Build.0 = Release|Any CPU
		{4AD821B3-7FCC-42B4-8E63-C5560984F717}.Ad-Hoc|iPhoneSimulator.Deploy.0 = Release|Any CPU
		{4AD821B3-7FCC-42B4-8E63-C5560984F717}.AppStore|Any CPU.ActiveCfg = Release|Any CPU
		{4AD821B3-7FCC-42B4-8E63-C5560984F717}.AppStore|Any CPU.Build.0 = Release|Any CPU
		{4AD821B3-7FCC-42B4-8E63-C5560984F717}.AppStore|Any CPU.Deploy.0 = Release|Any CPU
		{4AD821B3-7FCC-42B4-8E63-C5560984F717}.AppStore|iPhone.ActiveCfg = Release|Any CPU
		{4AD821B3-7FCC-42B4-8E63-C5560984F717}.AppStore|iPhone.Build.0 = Release|Any CPU
		{4AD821B3-7FCC-42B4-8E63-C5560984F717}.AppStore|iPhone.Deploy.0 = Release|Any CPU
		{4AD821B3-7FCC-42B4-8E63-C5560984F717}.AppStore|iPhoneSimulator.ActiveCfg = Release|Any CPU
		{4AD821B3-7FCC-42B4-8E63-C5560984F717}.AppStore|iPhoneSimulator.Build.0 = Release|Any CPU
		{4AD821B3-7FCC-42B4-8E63-C5560984F717}.AppStore|iPhoneSimulator.Deploy.0 = Release|Any CPU
		{4AD821B3-7FCC-42B4-8E63-C5560984F717}.Debug|Any CPU.ActiveCfg = Debug|Any CPU
		{4AD821B3-7FCC-42B4-8E63-C5560984F717}.Debug|Any CPU.Build.0 = Debug|Any CPU
		{4AD821B3-7FCC-42B4-8E63-C5560984F717}.Debug|Any CPU.Deploy.0 = Debug|Any CPU
		{4AD821B3-7FCC-42B4-8E63-C5560984F717}.Debug|iPhone.ActiveCfg = Debug|Any CPU
		{4AD821B3-7FCC-42B4-8E63-C5560984F717}.Debug|iPhone.Build.0 = Debug|Any CPU
		{4AD821B3-7FCC-42B4-8E63-C5560984F717}.Debug|iPhone.Deploy.0 = Debug|Any CPU
		{4AD821B3-7FCC-42B4-8E63-C5560984F717}.Debug|iPhoneSimulator.ActiveCfg = Debug|Any CPU
		{4AD821B3-7FCC-42B4-8E63-C5560984F717}.Debug|iPhoneSimulator.Build.0 = Debug|Any CPU
		{4AD821B3-7FCC-42B4-8E63-C5560984F717}.Debug|iPhoneSimulator.Deploy.0 = Debug|Any CPU
		{4AD821B3-7FCC-42B4-8E63-C5560984F717}.Release|Any CPU.ActiveCfg = Release|Any CPU
		{4AD821B3-7FCC-42B4-8E63-C5560984F717}.Release|Any CPU.Build.0 = Release|Any CPU
		{4AD821B3-7FCC-42B4-8E63-C5560984F717}.Release|Any CPU.Deploy.0 = Release|Any CPU
		{4AD821B3-7FCC-42B4-8E63-C5560984F717}.Release|iPhone.ActiveCfg = Release|Any CPU
		{4AD821B3-7FCC-42B4-8E63-C5560984F717}.Release|iPhone.Build.0 = Release|Any CPU
		{4AD821B3-7FCC-42B4-8E63-C5560984F717}.Release|iPhone.Deploy.0 = Release|Any CPU
		{4AD821B3-7FCC-42B4-8E63-C5560984F717}.Release|iPhoneSimulator.ActiveCfg = Release|Any CPU
		{4AD821B3-7FCC-42B4-8E63-C5560984F717}.Release|iPhoneSimulator.Build.0 = Release|Any CPU
		{4AD821B3-7FCC-42B4-8E63-C5560984F717}.Release|iPhoneSimulator.Deploy.0 = Release|Any CPU
		{80A96B52-6758-4BDB-B0B4-CEA4CA155C60}.Ad-Hoc|Any CPU.ActiveCfg = Release|iPhone
		{80A96B52-6758-4BDB-B0B4-CEA4CA155C60}.Ad-Hoc|Any CPU.Build.0 = Release|iPhone
		{80A96B52-6758-4BDB-B0B4-CEA4CA155C60}.Ad-Hoc|iPhone.ActiveCfg = Release|iPhone
		{80A96B52-6758-4BDB-B0B4-CEA4CA155C60}.Ad-Hoc|iPhone.Build.0 = Release|iPhone
		{80A96B52-6758-4BDB-B0B4-CEA4CA155C60}.Ad-Hoc|iPhoneSimulator.ActiveCfg = Release|iPhoneSimulator
		{80A96B52-6758-4BDB-B0B4-CEA4CA155C60}.Ad-Hoc|iPhoneSimulator.Build.0 = Release|iPhoneSimulator
		{80A96B52-6758-4BDB-B0B4-CEA4CA155C60}.AppStore|Any CPU.ActiveCfg = Release|iPhone
		{80A96B52-6758-4BDB-B0B4-CEA4CA155C60}.AppStore|Any CPU.Build.0 = Release|iPhone
		{80A96B52-6758-4BDB-B0B4-CEA4CA155C60}.AppStore|iPhone.ActiveCfg = Release|iPhone
		{80A96B52-6758-4BDB-B0B4-CEA4CA155C60}.AppStore|iPhone.Build.0 = Release|iPhone
		{80A96B52-6758-4BDB-B0B4-CEA4CA155C60}.AppStore|iPhoneSimulator.ActiveCfg = Release|iPhoneSimulator
		{80A96B52-6758-4BDB-B0B4-CEA4CA155C60}.AppStore|iPhoneSimulator.Build.0 = Release|iPhoneSimulator
		{80A96B52-6758-4BDB-B0B4-CEA4CA155C60}.Debug|Any CPU.ActiveCfg = Debug|iPhone
		{80A96B52-6758-4BDB-B0B4-CEA4CA155C60}.Debug|iPhone.ActiveCfg = Debug|iPhone
		{80A96B52-6758-4BDB-B0B4-CEA4CA155C60}.Debug|iPhone.Build.0 = Debug|iPhone
		{80A96B52-6758-4BDB-B0B4-CEA4CA155C60}.Debug|iPhoneSimulator.ActiveCfg = Debug|iPhoneSimulator
		{80A96B52-6758-4BDB-B0B4-CEA4CA155C60}.Debug|iPhoneSimulator.Build.0 = Debug|iPhoneSimulator
		{80A96B52-6758-4BDB-B0B4-CEA4CA155C60}.Release|Any CPU.ActiveCfg = Release|iPhone
		{80A96B52-6758-4BDB-B0B4-CEA4CA155C60}.Release|iPhone.ActiveCfg = Release|iPhone
		{80A96B52-6758-4BDB-B0B4-CEA4CA155C60}.Release|iPhone.Build.0 = Release|iPhone
		{80A96B52-6758-4BDB-B0B4-CEA4CA155C60}.Release|iPhoneSimulator.ActiveCfg = Release|iPhoneSimulator
		{80A96B52-6758-4BDB-B0B4-CEA4CA155C60}.Release|iPhoneSimulator.Build.0 = Release|iPhoneSimulator
	EndGlobalSection
	GlobalSection(SolutionProperties) = preSolution
		HideSolutionNode = FALSE
	EndGlobalSection
	GlobalSection(NestedProjects) = preSolution
		{FCBB68A8-05BD-4FA9-A556-1EA006D42F2B} = {0E2CF68E-FF7B-4706-8415-69F42244A82E}
		{018DA4A6-BB05-485C-A242-49AE473C5159} = {627F281A-6E87-4192-8714-7DF40C5BA9DE}
		{071313C6-85DD-480F-AC2E-E2584495C4E2} = {627F281A-6E87-4192-8714-7DF40C5BA9DE}
		{EC4F1133-10C4-4E3A-8969-9F762ED008DA} = {018DA4A6-BB05-485C-A242-49AE473C5159}
		{390FA083-B0EB-441D-8FDC-9B880552D64C} = {018DA4A6-BB05-485C-A242-49AE473C5159}
		{A4110E44-7631-471F-B70E-C1A3726B2EF3} = {018DA4A6-BB05-485C-A242-49AE473C5159}
		{F7844F61-E1C1-47D3-B9F0-A5E93A8BC434} = {071313C6-85DD-480F-AC2E-E2584495C4E2}
		{4AD821B3-7FCC-42B4-8E63-C5560984F717} = {071313C6-85DD-480F-AC2E-E2584495C4E2}
		{80A96B52-6758-4BDB-B0B4-CEA4CA155C60} = {071313C6-85DD-480F-AC2E-E2584495C4E2}
	EndGlobalSection
	GlobalSection(ExtensibilityGlobals) = postSolution
		SolutionGuid = {B269FD4B-3228-42B9-8772-E36905F875DE}
	EndGlobalSection
EndGlobal
